# THIS IS AN AUTOGENERATED FILE. DO NOT EDIT THIS FILE DIRECTLY.
# yarn lockfile v1


"js-tokens@^3.0.0 || ^4.0.0":
  version "4.0.0"
  resolved "https://registry.npm.taobao.org/js-tokens/download/js-tokens-4.0.0.tgz#19203fb59991df98e3a287050d4647cdeaf32499"
  integrity sha1-GSA/tZmR35jjoocFDUZHzerzJJk=

keymirror@^0.1.1:
  version "0.1.1"
  resolved "https://registry.npm.taobao.org/keymirror/download/keymirror-0.1.1.tgz#918889ea13f8d0a42e7c557250eee713adc95c35"
  integrity sha1-kYiJ6hP40KQufFVyUO7nE63JXDU=

loose-envify@^1.4.0:
  version "1.4.0"
  resolved "https://registry.npm.taobao.org/loose-envify/download/loose-envify-1.4.0.tgz#71ee51fa7be4caec1a63839f7e682d8132d30caf"
  integrity sha1-ce5R+nvkyuwaY4OffmgtgTLTDK8=
  dependencies:
    js-tokens "^3.0.0 || ^4.0.0"

object-assign@^4.1.1:
  version "4.1.1"
  resolved "https://registry.npm.taobao.org/object-assign/download/object-assign-4.1.1.tgz?cache=0&other_urls=https%3A%2F%2Fregistry.npm.taobao.org%2Fobject-assign%2Fdownload%2Fobject-assign-4.1.1.tgz#2109adc7965887cfc05cbbd442cac8bfbb360863"
  integrity sha1-IQmtx5ZYh8/AXLvUQsrIv7s2CGM=

prop-types@^15.5.10:
  version "15.7.2"
  resolved "https://registry.npm.taobao.org/prop-types/download/prop-types-15.7.2.tgz#52c41e75b8c87e72b9d9360e0206b99dcbffa6c5"
  integrity sha1-UsQedbjIfnK52TYOAga5ncv/psU=
  dependencies:
    loose-envify "^1.4.0"
    object-assign "^4.1.1"
    react-is "^16.8.1"

react-is@^16.8.1:
  version "16.8.6"
  resolved "https://registry.npm.taobao.org/react-is/download/react-is-16.8.6.tgz#5bbc1e2d29141c9fbdfed456343fe2bc430a6a16"
  integrity sha1-W7weLSkUHJ+9/tRWND/ivEMKahY=

react-native-video@^4.4.4:
  version "4.4.4"
  resolved "https://registry.npm.taobao.org/react-native-video/download/react-native-video-4.4.4.tgz?cache=0&other_urls=https%3A%2F%2Fregistry.npm.taobao.org%2Freact-native-video%2Fdownload%2Freact-native-video-4.4.4.tgz#e33da29990556a9b2d575d6b2e88190fc04d9b50"
  integrity sha1-4z2imZBVapstV11rLogZD8BNm1A=
  dependencies:
    keymirror "^0.1.1"
    prop-types "^15.5.10"
    shaka-player "^2.4.4"

shaka-player@^2.4.4:
  version "2.5.4"
  resolved "https://registry.npm.taobao.org/shaka-player/download/shaka-player-2.5.4.tgz#0491ec3bfddf91453f09ac1d731e5eb21e39f684"
  integrity sha1-BJHsO/3fkUU/Cawdcx5esh459oQ=
